# This file is automatically @generated by Cargo.
# It is not intended for manual editing.
version = 3

[[package]]
name = "diesel"
version = "2.1.1"
source = "registry+https://github.com/rust-lang/crates.io-index"
checksum = "d98235fdc2f355d330a8244184ab6b4b33c28679c0b4158f63138e51d6cf7e88"
dependencies = [
 "diesel_derives",
]

[[package]]
name = "diesel_derives"
version = "2.1.1"
source = "registry+https://github.com/rust-lang/crates.io-index"
checksum = "e054665eaf6d97d1e7125512bb2d35d07c73ac86cc6920174cb42d1ab697a554"
dependencies = [
 "diesel_table_macro_syntax",
 "proc-macro2",
 "quote",
 "syn",
]

[[package]]
name = "diesel_table_macro_syntax"
version = "0.1.0"
source = "registry+https://github.com/rust-lang/crates.io-index"
checksum = "fc5557efc453706fed5e4fa85006fe9817c224c3f480a34c7e5959fd700921c5"
dependencies = [
 "syn",
]

[[package]]
name = "dotenvy"
version = "0.15.7"
source = "registry+https://github.com/rust-lang/crates.io-index"
checksum = "1aaf95b3e5c8f23aa320147307562d361db0ae0d51242340f558153b4eb2439b"

[[package]]
name = "money_tracing"
version = "0.1.0"
dependencies = [
 "diesel",
 "dotenvy",
]

[[package]]
name = "proc-macro2"
version = "1.0.66"
source = "registry+https://github.com/rust-lang/crates.io-index"
checksum = "18fb31db3f9bddb2ea821cde30a9f70117e3f119938b5ee630b7403aa6e2ead9"
dependencies = [
 "unicode-ident",
]

[[package]]
name = "quote"
version = "1.0.33"
source = "registry+https://github.com/rust-lang/crates.io-index"
checksum = "5267fca4496028628a95160fc423a33e8b2e6af8a5302579e322e4b520293cae"
dependencies = [
 "proc-macro2",
]

[[package]]
name = "syn"
version = "2.0.29"
source = "registry+https://github.com/rust-lang/crates.io-index"
checksum = "c324c494eba9d92503e6f1ef2e6df781e78f6a7705a0202d9801b198807d518a"
dependencies = [
 "proc-macro2",
 "quote",
 "unicode-ident",
]

[[package]]
name = "unicode-ident"
version = "1.0.11"
source = "registry+https://github.com/rust-lang/crates.io-index"
checksum = "301abaae475aa91687eb82514b328ab47a211a533026cb25fc3e519b86adfc3c"
